
Microsoft Visual Studio Solution File, Format Version 12.00
# Visual Studio Version 17
VisualStudioVersion = 17.9.34622.214
MinimumVisualStudioVersion = 10.0.40219.1
Project("{9A19103F-16F7-4668-BE54-9A1E7A4F7556}") = "WorldSphereMod", "WorldSphereMod.csproj", "{AC357E98-F1CF-4751-9174-E26677AB4122}"
EndProject
Project("{9A19103F-16F7-4668-BE54-9A1E7A4F7556}") = "WorldSphereAPI", "WorldSphereAPI.csproj", "{BBF59E3D-49EE-4AA7-9DBF-A7EA922D17C7}"
EndProject
Global
	GlobalSection(SolutionConfigurationPlatforms) = preSolution
		Debug|Any CPU = Debug|Any CPU
		Release|Any CPU = Release|Any CPU
	EndGlobalSection
	GlobalSection(ProjectConfigurationPlatforms) = postSolution
		{AC357E98-F1CF-4751-9174-E26677AB4122}.Debug|Any CPU.ActiveCfg = Debug|Any CPU
		{AC357E98-F1CF-4751-9174-E26677AB4122}.Debug|Any CPU.Build.0 = Debug|Any CPU
		{AC357E98-F1CF-4751-9174-E26677AB4122}.Release|Any CPU.ActiveCfg = Release|Any CPU
		{AC357E98-F1CF-4751-9174-E26677AB4122}.Release|Any CPU.Build.0 = Release|Any CPU
		{BBF59E3D-49EE-4AA7-9DBF-A7EA922D17C7}.Debug|Any CPU.ActiveCfg = Debug|Any CPU
		{BBF59E3D-49EE-4AA7-9DBF-A7EA922D17C7}.Debug|Any CPU.Build.0 = Debug|Any CPU
		{BBF59E3D-49EE-4AA7-9DBF-A7EA922D17C7}.Release|Any CPU.ActiveCfg = Release|Any CPU
		{BBF59E3D-49EE-4AA7-9DBF-A7EA922D17C7}.Release|Any CPU.Build.0 = Release|Any CPU
		{6EC2C9D8-9D2B-4658-818F-0493E8E17EC8}.Debug|Any CPU.ActiveCfg = Debug|Any CPU
		{6EC2C9D8-9D2B-4658-818F-0493E8E17EC8}.Debug|Any CPU.Build.0 = Debug|Any CPU
		{6EC2C9D8-9D2B-4658-818F-0493E8E17EC8}.Release|Any CPU.ActiveCfg = Release|Any CPU
		{6EC2C9D8-9D2B-4658-818F-0493E8E17EC8}.Release|Any CPU.Build.0 = Release|Any CPU
	EndGlobalSection
	GlobalSection(SolutionProperties) = preSolution
		HideSolutionNode = FALSE
	EndGlobalSection
	GlobalSection(ExtensibilityGlobals) = postSolution
		SolutionGuid = {2A946634-BEB9-4D15-81F5-10EB8035C334}
	EndGlobalSection
EndGlobal
